
Microsoft Visual Studio Solution File, Format Version 12.00
# Visual Studio Version 17
VisualStudioVersion = 17.8.34408.163
MinimumVisualStudioVersion = 10.0.40219.1
Project("{FAE04EC0-301F-11D3-BF4B-00C04F79EFBC}") = "Tarefa Raí", "Tarefa Raí\Tarefa Raí.csproj", "{072CF38B-C16C-4290-B869-FD6A327CBF9B}"
EndProject
Global
	GlobalSection(SolutionConfigurationPlatforms) = preSolution
		Debug|Any CPU = Debug|Any CPU
		Release|Any CPU = Release|Any CPU
	EndGlobalSection
	GlobalSection(ProjectConfigurationPlatforms) = postSolution
		{072CF38B-C16C-4290-B869-FD6A327CBF9B}.Debug|Any CPU.ActiveCfg = Debug|Any CPU
		{072CF38B-C16C-4290-B869-FD6A327CBF9B}.Debug|Any CPU.Build.0 = Debug|Any CPU
		{072CF38B-C16C-4290-B869-FD6A327CBF9B}.Release|Any CPU.ActiveCfg = Release|Any CPU
		{072CF38B-C16C-4290-B869-FD6A327CBF9B}.Release|Any CPU.Build.0 = Release|Any CPU
	EndGlobalSection
	GlobalSection(SolutionProperties) = preSolution
		HideSolutionNode = FALSE
	EndGlobalSection
	GlobalSection(ExtensibilityGlobals) = postSolution
		SolutionGuid = {718F105C-9591-4067-8CFD-9C5CBD90E088}
	EndGlobalSection
EndGlobal
